{
    "_readme": [
        "This file locks the dependencies of your project to a known state",
        "Read more about it at https://getcomposer.org/doc/01-basic-usage.md#composer-lock-the-lock-file",
        "This file is @generated automatically"
    ],
    "hash": "626c113902b70424864fcde7e5e58533",
    "content-hash": "3fdcfbe5097f97bd38f86937fe61bcaf",
    "packages": [
        {
            "name": "tantek/cassis",
            "version": "dev-master",
            "source": {
                "type": "git",
                "url": "https://github.com/tantek/cassis.git",
                "reference": "028a460ae003a46059c765fa6d4246b1c2ff5d97"
            },
            "dist": {
                "type": "zip",
                "url": "https://api.github.com/repos/tantek/cassis/zipball/028a460ae003a46059c765fa6d4246b1c2ff5d97",
                "reference": "028a460ae003a46059c765fa6d4246b1c2ff5d97",
                "shasum": ""
            },
            "type": "library",
            "autoload": {
                "files": [
                    "cassis.php"
                ]
            },
            "notification-url": "https://packagist.org/downloads/",
            "time": "2016-01-24 20:26:09"
        }
    ],
    "packages-dev": [],
    "aliases": [],
    "minimum-stability": "stable",
    "stability-flags": {
        "tantek/cassis": 20
    },
    "prefer-stable": false,
    "prefer-lowest": false,
    "platform": [],
    "platform-dev": []
}
